{
  "version": 4,
  "terraform_version": "1.3.7",
  "serial": 7,
  "lineage": "8bd504e6-5b82-5d4d-495f-60a43e23394a",
  "outputs": {},
  "resources": [
    {
      "mode": "data",
      "type": "aws_security_group",
      "name": "selected",
      "provider": "provider[\"registry.terraform.io/hashicorp/aws\"]",
      "instances": [
        {
          "schema_version": 0,
          "attributes": {
            "arn": "arn:aws:ec2:ca-central-1:866375757777:security-group/sg-086a16f761d3e8365",
            "description": "Personal security group created 2022-06-16T18:22:57.631Z",
            "filter": null,
            "id": "sg-086a16f761d3e8365",
            "name": "Personal security group",
            "tags": {},
            "timeouts": null,
            "vpc_id": "vpc-03803659394fbfbfa"
          },
          "sensitive_attributes": []
        }
      ]
    },
    {
      "mode": "managed",
      "type": "aws_instance",
      "name": "web",
      "provider": "provider[\"registry.terraform.io/hashicorp/aws\"]",
      "instances": [
        {
          "schema_version": 1,
          "attributes": {
            "ami": "ami-01c7ecac079939e18",
            "arn": "arn:aws:ec2:ca-central-1:866375757777:instance/i-0c85c0479f14fc6a1",
            "associate_public_ip_address": true,
            "availability_zone": "ca-central-1b",
            "capacity_reservation_specification": [
              {
                "capacity_reservation_preference": "open",
                "capacity_reservation_target": []
              }
            ],
            "cpu_core_count": 1,
            "cpu_options": [
              {
                "amd_sev_snp": "",
                "core_count": 1,
                "threads_per_core": 1
              }
            ],
            "cpu_threads_per_core": 1,
            "credit_specification": [
              {
                "cpu_credits": "standard"
              }
            ],
            "disable_api_stop": false,
            "disable_api_termination": false,
            "ebs_block_device": [],
            "ebs_optimized": false,
            "enclave_options": [
              {
                "enabled": false
              }
            ],
            "ephemeral_block_device": [],
            "get_password_data": false,
            "hibernation": false,
            "host_id": "",
            "host_resource_group_arn": null,
            "iam_instance_profile": "",
            "id": "i-0c85c0479f14fc6a1",
            "instance_initiated_shutdown_behavior": "stop",
            "instance_state": "running",
            "instance_type": "t2.micro",
            "ipv6_address_count": 0,
            "ipv6_addresses": [],
            "key_name": "deployer-key",
            "launch_template": [],
            "maintenance_options": [
              {
                "auto_recovery": "default"
              }
            ],
            "metadata_options": [
              {
                "http_endpoint": "enabled",
                "http_put_response_hop_limit": 1,
                "http_tokens": "optional",
                "instance_metadata_tags": "disabled"
              }
            ],
            "monitoring": false,
            "network_interface": [],
            "outpost_arn": "",
            "password_data": "",
            "placement_group": "",
            "placement_partition_number": 0,
            "primary_network_interface_id": "eni-0bf3a8e95618375a1",
            "private_dns": "ip-172-31-14-27.ca-central-1.compute.internal",
            "private_dns_name_options": [
              {
                "enable_resource_name_dns_a_record": false,
                "enable_resource_name_dns_aaaa_record": false,
                "hostname_type": "ip-name"
              }
            ],
            "private_ip": "172.31.14.27",
            "public_dns": "ec2-3-96-164-95.ca-central-1.compute.amazonaws.com",
            "public_ip": "3.96.164.95",
            "root_block_device": [
              {
                "delete_on_termination": true,
                "device_name": "/dev/sda1",
                "encrypted": false,
                "iops": 100,
                "kms_key_id": "",
                "tags": {},
                "throughput": 0,
                "volume_id": "vol-05e8a4e0425de1d22",
                "volume_size": 8,
                "volume_type": "gp2"
              }
            ],
            "secondary_private_ips": [],
            "security_groups": [
              "Personal security group"
            ],
            "source_dest_check": true,
            "subnet_id": "subnet-0dac857f27b062db5",
            "tags": {
              "Name": "test-terraform"
            },
            "tags_all": {
              "Name": "test-terraform"
            },
            "tenancy": "default",
            "timeouts": null,
            "user_data": null,
            "user_data_base64": null,
            "user_data_replace_on_change": false,
            "volume_tags": null,
            "vpc_security_group_ids": [
              "sg-086a16f761d3e8365"
            ]
          },
          "sensitive_attributes": [],
          "private": "eyJlMmJmYjczMC1lY2FhLTExZTYtOGY4OC0zNDM2M2JjN2M0YzAiOnsiY3JlYXRlIjo2MDAwMDAwMDAwMDAsImRlbGV0ZSI6MTIwMDAwMDAwMDAwMCwidXBkYXRlIjo2MDAwMDAwMDAwMDB9LCJzY2hlbWFfdmVyc2lvbiI6IjEifQ==",
          "dependencies": [
            "aws_key_pair.deployer",
            "data.aws_security_group.selected"
          ]
        }
      ]
    },
    {
      "mode": "managed",
      "type": "aws_key_pair",
      "name": "deployer",
      "provider": "provider[\"registry.terraform.io/hashicorp/aws\"]",
      "instances": [
        {
          "schema_version": 1,
          "attributes": {
            "arn": "arn:aws:ec2:ca-central-1:866375757777:key-pair/deployer-key",
            "fingerprint": "f2:e2:e4:7b:d5:5f:80:52:0f:e4:4c:f3:07:cc:20:22",
            "id": "deployer-key",
            "key_name": "deployer-key",
            "key_name_prefix": "",
            "key_pair_id": "key-0e30197511eb57cee",
            "key_type": "rsa",
            "public_key": "ssh-rsa AAAAB3NzaC1yc2EAAAADAQABAAACAQCZ20UQiDjtrcD3yd2zwBx6SlF5/RTFVY7GkmnuVdxkaOtvf4nJbd1wCDpqCfqv4wipJkFy0wxUjMrAifM3Htxx7gme/00tTNByF176Ix372BLxqxFYCwB+CsYa+yOXrlDEm+3DBYZAFvrZaMn1ji6AcVq2qk8IY5iPZQb0NGKyVFS+gsdYYkht2Q36DVOX7vgAuZIjzV4p2uzvGmiS5FUlJM5+om3ERZtMjSDX++Cz2z6agcb0roLLQjlzFHctnEDDdBBCvBdVQTribeBsrb4W1MSbmqMrqHn/i/AyHAkwOD2ory+yrQYAfuFUh72Xpx1VeDEJdUpcP2eTFe5bUrIIQHxggobl0mKN8vX6XJBhtBAEwHbD/ymP8v7DFjzYmsl84+6hjEwuwWciNkjkQnIkr6qBDztR4qzajxVfhyzBXN2IJtYGdaQrGIDMQEOs0xTiXKsrtHvM6prckmOEAj/uM4ju7Jmu1BMhbR5H0kd8Td2uab+K47tJuH72ObM77Mc+F9jbkPtSYzG9qDjQKpBXM7/E9Cq01lI4UT2cA4JIY86AhrLN/3IMvXayz9OYq0EaGn6p9GPPczuzHjnTnpUxHX4pRW+yN+7gpz0gi733xENFgmW30dEsmEbC1TI9J1lgjvCLk+JrrDscu2nJwvAbGyMfC+tl785MVdxZndbiVw== aebouel@PROTIALAEBO",
            "tags": null,
            "tags_all": {}
          },
          "sensitive_attributes": [],
          "private": "eyJzY2hlbWFfdmVyc2lvbiI6IjEifQ=="
        }
      ]
    }
  ],
  "check_results": null
}
